
Microsoft Visual Studio Solution File, Format Version 12.00
# Visual Studio Version 16
VisualStudioVersion = 25.0.1706.6
MinimumVisualStudioVersion = 10.0.40219.1
Project("{FAE04EC0-301F-11D3-BF4B-00C04F79EFBC}") = "CanadianHolidaysApp", "CanadianHolidaysApp.csproj", "{D3A44318-9E48-429D-BEAE-01FC8BD8EABE}"
EndProject
Global
	GlobalSection(SolutionConfigurationPlatforms) = preSolution
		Debug|Any CPU = Debug|Any CPU
		Release|Any CPU = Release|Any CPU
	EndGlobalSection
	GlobalSection(ProjectConfigurationPlatforms) = postSolution
		{D3A44318-9E48-429D-BEAE-01FC8BD8EABE}.Debug|Any CPU.ActiveCfg = Debug|Any CPU
		{D3A44318-9E48-429D-BEAE-01FC8BD8EABE}.Debug|Any CPU.Build.0 = Debug|Any CPU
		{D3A44318-9E48-429D-BEAE-01FC8BD8EABE}.Release|Any CPU.ActiveCfg = Release|Any CPU
		{D3A44318-9E48-429D-BEAE-01FC8BD8EABE}.Release|Any CPU.Build.0 = Release|Any CPU
	EndGlobalSection
	GlobalSection(SolutionProperties) = preSolution
		HideSolutionNode = FALSE
	EndGlobalSection
	GlobalSection(ExtensibilityGlobals) = postSolution
		SolutionGuid = {B9B2795C-EB65-4234-BCA9-CB40AFE8D645}
	EndGlobalSection
EndGlobal
